
Microsoft Visual Studio Solution File, Format Version 12.00
# Visual Studio 15
VisualStudioVersion = 15.0.28307.421
MinimumVisualStudioVersion = 10.0.40219.1
Project("{FAE04EC0-301F-11D3-BF4B-00C04F79EFBC}") = "ActionResultt", "ActionResultt\ActionResultt.csproj", "{226A8E75-549E-42C1-9853-F8285E5CA045}"
EndProject
Global
	GlobalSection(SolutionConfigurationPlatforms) = preSolution
		Debug|Any CPU = Debug|Any CPU
		Release|Any CPU = Release|Any CPU
	EndGlobalSection
	GlobalSection(ProjectConfigurationPlatforms) = postSolution
		{226A8E75-549E-42C1-9853-F8285E5CA045}.Debug|Any CPU.ActiveCfg = Debug|Any CPU
		{226A8E75-549E-42C1-9853-F8285E5CA045}.Debug|Any CPU.Build.0 = Debug|Any CPU
		{226A8E75-549E-42C1-9853-F8285E5CA045}.Release|Any CPU.ActiveCfg = Release|Any CPU
		{226A8E75-549E-42C1-9853-F8285E5CA045}.Release|Any CPU.Build.0 = Release|Any CPU
	EndGlobalSection
	GlobalSection(SolutionProperties) = preSolution
		HideSolutionNode = FALSE
	EndGlobalSection
	GlobalSection(ExtensibilityGlobals) = postSolution
		SolutionGuid = {5B855603-9FFA-4E31-B6D0-3C575D848EB1}
	EndGlobalSection
EndGlobal
