
Microsoft Visual Studio Solution File, Format Version 12.00
# Visual Studio 15
VisualStudioVersion = 15.0.28307.421
MinimumVisualStudioVersion = 10.0.40219.1
Project("{FAE04EC0-301F-11D3-BF4B-00C04F79EFBC}") = "LayoutVePartialView", "LayoutVePartialView\LayoutVePartialView.csproj", "{B7ED6958-D884-4011-946D-2F3D6AAE27FF}"
EndProject
Global
	GlobalSection(SolutionConfigurationPlatforms) = preSolution
		Debug|Any CPU = Debug|Any CPU
		Release|Any CPU = Release|Any CPU
	EndGlobalSection
	GlobalSection(ProjectConfigurationPlatforms) = postSolution
		{B7ED6958-D884-4011-946D-2F3D6AAE27FF}.Debug|Any CPU.ActiveCfg = Debug|Any CPU
		{B7ED6958-D884-4011-946D-2F3D6AAE27FF}.Debug|Any CPU.Build.0 = Debug|Any CPU
		{B7ED6958-D884-4011-946D-2F3D6AAE27FF}.Release|Any CPU.ActiveCfg = Release|Any CPU
		{B7ED6958-D884-4011-946D-2F3D6AAE27FF}.Release|Any CPU.Build.0 = Release|Any CPU
	EndGlobalSection
	GlobalSection(SolutionProperties) = preSolution
		HideSolutionNode = FALSE
	EndGlobalSection
	GlobalSection(ExtensibilityGlobals) = postSolution
		SolutionGuid = {7116658A-4B05-4B05-AF4B-3A49EB67BECC}
	EndGlobalSection
EndGlobal
