
Microsoft Visual Studio Solution File, Format Version 12.00
# Visual Studio 15
VisualStudioVersion = 15.0.28307.421
MinimumVisualStudioVersion = 10.0.40219.1
Project("{FAE04EC0-301F-11D3-BF4B-00C04F79EFBC}") = "alistirma-001", "alistirma-001\alistirma-001.csproj", "{1EA65EE2-7A4A-4713-AE00-9BCD280EECA3}"
EndProject
Global
	GlobalSection(SolutionConfigurationPlatforms) = preSolution
		Debug|Any CPU = Debug|Any CPU
		Release|Any CPU = Release|Any CPU
	EndGlobalSection
	GlobalSection(ProjectConfigurationPlatforms) = postSolution
		{1EA65EE2-7A4A-4713-AE00-9BCD280EECA3}.Debug|Any CPU.ActiveCfg = Debug|Any CPU
		{1EA65EE2-7A4A-4713-AE00-9BCD280EECA3}.Debug|Any CPU.Build.0 = Debug|Any CPU
		{1EA65EE2-7A4A-4713-AE00-9BCD280EECA3}.Release|Any CPU.ActiveCfg = Release|Any CPU
		{1EA65EE2-7A4A-4713-AE00-9BCD280EECA3}.Release|Any CPU.Build.0 = Release|Any CPU
	EndGlobalSection
	GlobalSection(SolutionProperties) = preSolution
		HideSolutionNode = FALSE
	EndGlobalSection
	GlobalSection(ExtensibilityGlobals) = postSolution
		SolutionGuid = {30ED2677-832E-4F9B-A3B1-D31A1EB72546}
	EndGlobalSection
EndGlobal
