
Microsoft Visual Studio Solution File, Format Version 12.00
# Visual Studio 15
VisualStudioVersion = 15.0.28307.421
MinimumVisualStudioVersion = 10.0.40219.1
Project("{FAE04EC0-301F-11D3-BF4B-00C04F79EFBC}") = "H-Personel", "H-Personel\H-Personel.csproj", "{225EBE5F-9F86-474F-8166-5D6CD4303640}"
EndProject
Global
	GlobalSection(SolutionConfigurationPlatforms) = preSolution
		Debug|Any CPU = Debug|Any CPU
		Release|Any CPU = Release|Any CPU
	EndGlobalSection
	GlobalSection(ProjectConfigurationPlatforms) = postSolution
		{225EBE5F-9F86-474F-8166-5D6CD4303640}.Debug|Any CPU.ActiveCfg = Debug|Any CPU
		{225EBE5F-9F86-474F-8166-5D6CD4303640}.Debug|Any CPU.Build.0 = Debug|Any CPU
		{225EBE5F-9F86-474F-8166-5D6CD4303640}.Release|Any CPU.ActiveCfg = Release|Any CPU
		{225EBE5F-9F86-474F-8166-5D6CD4303640}.Release|Any CPU.Build.0 = Release|Any CPU
	EndGlobalSection
	GlobalSection(SolutionProperties) = preSolution
		HideSolutionNode = FALSE
	EndGlobalSection
	GlobalSection(ExtensibilityGlobals) = postSolution
		SolutionGuid = {61F3F7AE-2454-4713-B14C-D334DD6FD19E}
	EndGlobalSection
EndGlobal
